
Microsoft Visual Studio Solution File, Format Version 12.00
# Visual Studio Version 16
VisualStudioVersion = 16.0.29728.190
MinimumVisualStudioVersion = 10.0.40219.1
Project("{FAE04EC0-301F-11D3-BF4B-00C04F79EFBC}") = "Base24", "Base24\Base24.csproj", "{DC0FEADC-9FB7-4D8A-998F-48F5D7EB8655}"
EndProject
Project("{FAE04EC0-301F-11D3-BF4B-00C04F79EFBC}") = "Base24.Tests", "Base24.Tests\Base24.Tests.csproj", "{F6CDDF7A-3EC2-43CD-BC05-5A6EBDD03333}"
EndProject
Global
	GlobalSection(SolutionConfigurationPlatforms) = preSolution
		Debug|Any CPU = Debug|Any CPU
		Release|Any CPU = Release|Any CPU
	EndGlobalSection
	GlobalSection(ProjectConfigurationPlatforms) = postSolution
		{DC0FEADC-9FB7-4D8A-998F-48F5D7EB8655}.Debug|Any CPU.ActiveCfg = Debug|Any CPU
		{DC0FEADC-9FB7-4D8A-998F-48F5D7EB8655}.Debug|Any CPU.Build.0 = Debug|Any CPU
		{DC0FEADC-9FB7-4D8A-998F-48F5D7EB8655}.Release|Any CPU.ActiveCfg = Release|Any CPU
		{DC0FEADC-9FB7-4D8A-998F-48F5D7EB8655}.Release|Any CPU.Build.0 = Release|Any CPU
		{F6CDDF7A-3EC2-43CD-BC05-5A6EBDD03333}.Debug|Any CPU.ActiveCfg = Debug|Any CPU
		{F6CDDF7A-3EC2-43CD-BC05-5A6EBDD03333}.Debug|Any CPU.Build.0 = Debug|Any CPU
		{F6CDDF7A-3EC2-43CD-BC05-5A6EBDD03333}.Release|Any CPU.ActiveCfg = Release|Any CPU
		{F6CDDF7A-3EC2-43CD-BC05-5A6EBDD03333}.Release|Any CPU.Build.0 = Release|Any CPU
	EndGlobalSection
	GlobalSection(SolutionProperties) = preSolution
		HideSolutionNode = FALSE
	EndGlobalSection
	GlobalSection(ExtensibilityGlobals) = postSolution
		SolutionGuid = {D2475EC3-BF18-4E2A-8405-40AE1A5AA434}
	EndGlobalSection
EndGlobal
